
Microsoft Visual Studio Solution File, Format Version 12.00
# Visual Studio Version 17
VisualStudioVersion = 17.9.34607.119
MinimumVisualStudioVersion = 10.0.40219.1
Project("{FAE04EC0-301F-11D3-BF4B-00C04F79EFBC}") = "Mission11_Harris", "Mission11_Harris\Mission11_Harris.csproj", "{EF939F57-54B8-4892-841D-4CB08C73564B}"
EndProject
Global
	GlobalSection(SolutionConfigurationPlatforms) = preSolution
		Debug|Any CPU = Debug|Any CPU
		Release|Any CPU = Release|Any CPU
	EndGlobalSection
	GlobalSection(ProjectConfigurationPlatforms) = postSolution
		{EF939F57-54B8-4892-841D-4CB08C73564B}.Debug|Any CPU.ActiveCfg = Debug|Any CPU
		{EF939F57-54B8-4892-841D-4CB08C73564B}.Debug|Any CPU.Build.0 = Debug|Any CPU
		{EF939F57-54B8-4892-841D-4CB08C73564B}.Release|Any CPU.ActiveCfg = Release|Any CPU
		{EF939F57-54B8-4892-841D-4CB08C73564B}.Release|Any CPU.Build.0 = Release|Any CPU
	EndGlobalSection
	GlobalSection(SolutionProperties) = preSolution
		HideSolutionNode = FALSE
	EndGlobalSection
	GlobalSection(ExtensibilityGlobals) = postSolution
		SolutionGuid = {52632AB8-2218-40DC-A608-0A59952525EE}
	EndGlobalSection
EndGlobal
